
Microsoft Visual Studio Solution File, Format Version 12.00
# Visual Studio Version 17
VisualStudioVersion = 17.5.002.0
MinimumVisualStudioVersion = 10.0.40219.1
Project("{9A19103F-16F7-4668-BE54-9A1E7A4F7556}") = "Souptime", "Souptime.csproj", "{318AA91B-0706-44C2-BB22-CF1F52455859}"
EndProject
Global
	GlobalSection(SolutionConfigurationPlatforms) = preSolution
		Debug|Any CPU = Debug|Any CPU
		Release|Any CPU = Release|Any CPU
	EndGlobalSection
	GlobalSection(ProjectConfigurationPlatforms) = postSolution
		{318AA91B-0706-44C2-BB22-CF1F52455859}.Debug|Any CPU.ActiveCfg = Debug|Any CPU
		{318AA91B-0706-44C2-BB22-CF1F52455859}.Debug|Any CPU.Build.0 = Debug|Any CPU
		{318AA91B-0706-44C2-BB22-CF1F52455859}.Release|Any CPU.ActiveCfg = Release|Any CPU
		{318AA91B-0706-44C2-BB22-CF1F52455859}.Release|Any CPU.Build.0 = Release|Any CPU
	EndGlobalSection
	GlobalSection(SolutionProperties) = preSolution
		HideSolutionNode = FALSE
	EndGlobalSection
	GlobalSection(ExtensibilityGlobals) = postSolution
		SolutionGuid = {5DA3B763-DFE7-4FA3-9CC5-9F2605C97515}
	EndGlobalSection
EndGlobal
